{
  "name": "decoder",
  "version": "1.0.0",
  "lockfileVersion": 3,
  "requires": true,
  "packages": {
    "": {
      "name": "decoder",
      "version": "1.0.0",
      "license": "ISC",
      "dependencies": {
        "lerc": "^4.0.4",
        "pngjs": "^7.0.0"
      }
    },
    "node_modules/lerc": {
      "version": "4.0.4",
      "resolved": "https://registry.npmjs.org/lerc/-/lerc-4.0.4.tgz",
      "integrity": "sha512-nHZH+ffiGPkgKUQtiZrljGUGV2GddvPcVTV5E345ZFncbKz+/rBIjDPrSxkiqW0EAtg1Jw7qAgRdaCwV+95Fow==",
      "license": "Apache-2.0"
    },
    "node_modules/pngjs": {
      "version": "7.0.0",
      "resolved": "https://registry.npmjs.org/pngjs/-/pngjs-7.0.0.tgz",
      "integrity": "sha512-LKWqWJRhstyYo9pGvgor/ivk2w94eSjE3RGVuzLGlr3NmD8bf7RcYGze1mNdEHRP6TRP6rMuDHk5t44hnTRyow==",
      "license": "MIT",
      "engines": {
        "node": ">=14.19.0"
      }
    }
  }
}
